
Microsoft Visual Studio Solution File, Format Version 12.00
# Visual Studio Version 16
VisualStudioVersion = 16.0.31025.194
MinimumVisualStudioVersion = 10.0.40219.1
Project("{FAE04EC0-301F-11D3-BF4B-00C04F79EFBC}") = "KoriIllapaDAO", "KoriIllapaDAO\KoriIllapaDAO.csproj", "{9FA0F34F-9D73-41BD-92A3-35D6A1AB7071}"
EndProject
Project("{FAE04EC0-301F-11D3-BF4B-00C04F79EFBC}") = "KoriIllapaWPF", "KoriIllapaWPF\KoriIllapaWPF.csproj", "{DC7D26C9-0DE7-4E24-8B98-A9E586AF9DE6}"
EndProject
Global
	GlobalSection(SolutionConfigurationPlatforms) = preSolution
		Debug|Any CPU = Debug|Any CPU
		Release|Any CPU = Release|Any CPU
	EndGlobalSection
	GlobalSection(ProjectConfigurationPlatforms) = postSolution
		{9FA0F34F-9D73-41BD-92A3-35D6A1AB7071}.Debug|Any CPU.ActiveCfg = Debug|Any CPU
		{9FA0F34F-9D73-41BD-92A3-35D6A1AB7071}.Debug|Any CPU.Build.0 = Debug|Any CPU
		{9FA0F34F-9D73-41BD-92A3-35D6A1AB7071}.Release|Any CPU.ActiveCfg = Release|Any CPU
		{9FA0F34F-9D73-41BD-92A3-35D6A1AB7071}.Release|Any CPU.Build.0 = Release|Any CPU
		{DC7D26C9-0DE7-4E24-8B98-A9E586AF9DE6}.Debug|Any CPU.ActiveCfg = Debug|Any CPU
		{DC7D26C9-0DE7-4E24-8B98-A9E586AF9DE6}.Debug|Any CPU.Build.0 = Debug|Any CPU
		{DC7D26C9-0DE7-4E24-8B98-A9E586AF9DE6}.Release|Any CPU.ActiveCfg = Release|Any CPU
		{DC7D26C9-0DE7-4E24-8B98-A9E586AF9DE6}.Release|Any CPU.Build.0 = Release|Any CPU
	EndGlobalSection
	GlobalSection(SolutionProperties) = preSolution
		HideSolutionNode = FALSE
	EndGlobalSection
	GlobalSection(ExtensibilityGlobals) = postSolution
		SolutionGuid = {1D8A6D7D-C762-4E21-A48B-087209AC4358}
	EndGlobalSection
EndGlobal
